
Microsoft Visual Studio Solution File, Format Version 12.00
# Visual Studio 2013
VisualStudioVersion = 12.0.30110.0
MinimumVisualStudioVersion = 10.0.40219.1
Project("{FAE04EC0-301F-11D3-BF4B-00C04F79EFBC}") = "WikiRecordsLib", "WikiRecordsLib\WikiRecordsLib.csproj", "{52E37ECB-0561-4394-8515-29024C869E56}"
EndProject
Project("{FAE04EC0-301F-11D3-BF4B-00C04F79EFBC}") = "TestConsole", "TestConsole\TestConsole.csproj", "{88B6D230-4772-4DF8-821E-444063227314}"
EndProject
Project("{FAE04EC0-301F-11D3-BF4B-00C04F79EFBC}") = "IOLSWikiWebsite", "IOLSWikiWebsite\IOLSWikiWebsite.csproj", "{9660934E-106A-4696-9A1B-F209294530B3}"
EndProject
Global
	GlobalSection(SolutionConfigurationPlatforms) = preSolution
		Debug|Any CPU = Debug|Any CPU
		Release|Any CPU = Release|Any CPU
	EndGlobalSection
	GlobalSection(ProjectConfigurationPlatforms) = postSolution
		{52E37ECB-0561-4394-8515-29024C869E56}.Debug|Any CPU.ActiveCfg = Debug|Any CPU
		{52E37ECB-0561-4394-8515-29024C869E56}.Debug|Any CPU.Build.0 = Debug|Any CPU
		{52E37ECB-0561-4394-8515-29024C869E56}.Release|Any CPU.ActiveCfg = Release|Any CPU
		{52E37ECB-0561-4394-8515-29024C869E56}.Release|Any CPU.Build.0 = Release|Any CPU
		{88B6D230-4772-4DF8-821E-444063227314}.Debug|Any CPU.ActiveCfg = Debug|Any CPU
		{88B6D230-4772-4DF8-821E-444063227314}.Debug|Any CPU.Build.0 = Debug|Any CPU
		{88B6D230-4772-4DF8-821E-444063227314}.Release|Any CPU.ActiveCfg = Release|Any CPU
		{88B6D230-4772-4DF8-821E-444063227314}.Release|Any CPU.Build.0 = Release|Any CPU
		{9660934E-106A-4696-9A1B-F209294530B3}.Debug|Any CPU.ActiveCfg = Debug|Any CPU
		{9660934E-106A-4696-9A1B-F209294530B3}.Debug|Any CPU.Build.0 = Debug|Any CPU
		{9660934E-106A-4696-9A1B-F209294530B3}.Release|Any CPU.ActiveCfg = Release|Any CPU
		{9660934E-106A-4696-9A1B-F209294530B3}.Release|Any CPU.Build.0 = Release|Any CPU
	EndGlobalSection
	GlobalSection(SolutionProperties) = preSolution
		HideSolutionNode = FALSE
	EndGlobalSection
EndGlobal
